
Microsoft Visual Studio Solution File, Format Version 12.00
# Visual Studio 15
VisualStudioVersion = 15.0.26430.14
MinimumVisualStudioVersion = 10.0.40219.1
Project("{FAE04EC0-301F-11D3-BF4B-00C04F79EFBC}") = "test-jenkins", "test-jenkins\test-jenkins.csproj", "{1BA3AD40-1AD8-427B-B425-DC96734E25AA}"
EndProject
Project("{FAE04EC0-301F-11D3-BF4B-00C04F79EFBC}") = "JenkinsUnitTest", "JenkinsUnitTest\JenkinsUnitTest.csproj", "{F62A8323-BD3C-4F64-846F-4891E8AA1B95}"
EndProject
Global
	GlobalSection(SolutionConfigurationPlatforms) = preSolution
		Debug|Any CPU = Debug|Any CPU
		Release|Any CPU = Release|Any CPU
	EndGlobalSection
	GlobalSection(ProjectConfigurationPlatforms) = postSolution
		{1BA3AD40-1AD8-427B-B425-DC96734E25AA}.Debug|Any CPU.ActiveCfg = Debug|Any CPU
		{1BA3AD40-1AD8-427B-B425-DC96734E25AA}.Debug|Any CPU.Build.0 = Debug|Any CPU
		{1BA3AD40-1AD8-427B-B425-DC96734E25AA}.Release|Any CPU.ActiveCfg = Release|Any CPU
		{1BA3AD40-1AD8-427B-B425-DC96734E25AA}.Release|Any CPU.Build.0 = Release|Any CPU
		{F62A8323-BD3C-4F64-846F-4891E8AA1B95}.Debug|Any CPU.ActiveCfg = Debug|Any CPU
		{F62A8323-BD3C-4F64-846F-4891E8AA1B95}.Debug|Any CPU.Build.0 = Debug|Any CPU
		{F62A8323-BD3C-4F64-846F-4891E8AA1B95}.Release|Any CPU.ActiveCfg = Release|Any CPU
		{F62A8323-BD3C-4F64-846F-4891E8AA1B95}.Release|Any CPU.Build.0 = Release|Any CPU
	EndGlobalSection
	GlobalSection(SolutionProperties) = preSolution
		HideSolutionNode = FALSE
	EndGlobalSection
EndGlobal
